// !$*UTF8*$!
{
	archiveVersion = 1;
	classes = {
	};
	objectVersion = 55;
	objects = {

/* Begin PBXBuildFile section */
		14A978E3C02816F9D7152268 /* Pods_Mina.framework in Frameworks */ = {isa = PBXBuildFile; fileRef = AE78418BD5624608F59DDD1E /* Pods_Mina.framework */; };
		8227FCAE277FAE290092E646 /* sideMinuViewController.swift in Sources */ = {isa = PBXBuildFile; fileRef = 8227FCAD277FAE290092E646 /* sideMinuViewController.swift */; };
		8227FCB0278085390092E646 /* dropDownViewController.swift in Sources */ = {isa = PBXBuildFile; fileRef = 8227FCAF278085390092E646 /* dropDownViewController.swift */; };
		822812EA2779BDC000480AD9 /* UIView+Extension.swift in Sources */ = {isa = PBXBuildFile; fileRef = 822812E92779BDC000480AD9 /* UIView+Extension.swift */; };
		822812ED2779DE3700480AD9 /* activationCodeViewController.swift in Sources */ = {isa = PBXBuildFile; fileRef = 822812EC2779DE3700480AD9 /* activationCodeViewController.swift */; };
		822812F02779F96200480AD9 /* loginNumber.swift in Sources */ = {isa = PBXBuildFile; fileRef = 822812EF2779F96200480AD9 /* loginNumber.swift */; };
		822EA3472778D7A6006C9620 /* AppDelegate.swift in Sources */ = {isa = PBXBuildFile; fileRef = 822EA3462778D7A6006C9620 /* AppDelegate.swift */; };
		822EA3492778D7A6006C9620 /* SceneDelegate.swift in Sources */ = {isa = PBXBuildFile; fileRef = 822EA3482778D7A6006C9620 /* SceneDelegate.swift */; };
		822EA34E2778D7A6006C9620 /* Main.storyboard in Resources */ = {isa = PBXBuildFile; fileRef = 822EA34C2778D7A6006C9620 /* Main.storyboard */; };
		822EA3502778D7A8006C9620 /* Assets.xcassets in Resources */ = {isa = PBXBuildFile; fileRef = 822EA34F2778D7A8006C9620 /* Assets.xcassets */; };
		822EA3532778D7A8006C9620 /* LaunchScreen.storyboard in Resources */ = {isa = PBXBuildFile; fileRef = 822EA3512778D7A8006C9620 /* LaunchScreen.storyboard */; };
		822EA35F27790BB6006C9620 /* loginViewController.swift in Sources */ = {isa = PBXBuildFile; fileRef = 822EA35E27790BB6006C9620 /* loginViewController.swift */; };
		82326574277B23F1003E0598 /* verifyCode.swift in Sources */ = {isa = PBXBuildFile; fileRef = 82326573277B23F1003E0598 /* verifyCode.swift */; };
		82394242277DCDF400E13352 /* LatestProductsUICollectionViewCell.swift in Sources */ = {isa = PBXBuildFile; fileRef = 82394240277DCDF400E13352 /* LatestProductsUICollectionViewCell.swift */; };
		82394243277DCDF400E13352 /* LatestProductsUICollectionViewCell.xib in Resources */ = {isa = PBXBuildFile; fileRef = 82394241277DCDF400E13352 /* LatestProductsUICollectionViewCell.xib */; };
		82394245277DD65100E13352 /* LatestProductsModel.swift in Sources */ = {isa = PBXBuildFile; fileRef = 82394244277DD65100E13352 /* LatestProductsModel.swift */; };
		82722A9D277C69CF00F375FE /* BestOffersHomeCell.swift in Sources */ = {isa = PBXBuildFile; fileRef = 82722A9B277C69CF00F375FE /* BestOffersHomeCell.swift */; };
		82722A9E277C69CF00F375FE /* BestOffersHomeCell.xib in Resources */ = {isa = PBXBuildFile; fileRef = 82722A9C277C69CF00F375FE /* BestOffersHomeCell.xib */; };
		82722AA1277C6A9200F375FE /* HomeViewController.swift in Sources */ = {isa = PBXBuildFile; fileRef = 82722AA0277C6A9200F375FE /* HomeViewController.swift */; };
		82722AA3277C6BB100F375FE /* BestOfferHomeModel.swift in Sources */ = {isa = PBXBuildFile; fileRef = 82722AA2277C6BB100F375FE /* BestOfferHomeModel.swift */; };
		82722AA5277C6E9200F375FE /* String+Extention.swift in Sources */ = {isa = PBXBuildFile; fileRef = 82722AA4277C6E9200F375FE /* String+Extention.swift */; };
		82722AA9277CA67000F375FE /* ratingsCollectionViewCell.swift in Sources */ = {isa = PBXBuildFile; fileRef = 82722AA7277CA67000F375FE /* ratingsCollectionViewCell.swift */; };
		82722AAA277CA67000F375FE /* ratingsCollectionViewCell.xib in Resources */ = {isa = PBXBuildFile; fileRef = 82722AA8277CA67000F375FE /* ratingsCollectionViewCell.xib */; };
		82722AAC277CA7FA00F375FE /* ratingHomeModel.swift in Sources */ = {isa = PBXBuildFile; fileRef = 82722AAB277CA7FA00F375FE /* ratingHomeModel.swift */; };
		82722AAE277CB2EB00F375FE /* timerBestOfferClass.swift in Sources */ = {isa = PBXBuildFile; fileRef = 82722AAD277CB2EB00F375FE /* timerBestOfferClass.swift */; };
		82722AB0277CB37400F375FE /* collectionHome+extention.swift in Sources */ = {isa = PBXBuildFile; fileRef = 82722AAF277CB37400F375FE /* collectionHome+extention.swift */; };
/* End PBXBuildFile section */

/* Begin PBXFileReference section */
		8227FCAD277FAE290092E646 /* sideMinuViewController.swift */ = {isa = PBXFileReference; lastKnownFileType = sourcecode.swift; path = sideMinuViewController.swift; sourceTree = "<group>"; };
		8227FCAF278085390092E646 /* dropDownViewController.swift */ = {isa = PBXFileReference; lastKnownFileType = sourcecode.swift; path = dropDownViewController.swift; sourceTree = "<group>"; };
		822812E92779BDC000480AD9 /* UIView+Extension.swift */ = {isa = PBXFileReference; lastKnownFileType = sourcecode.swift; path = "UIView+Extension.swift"; sourceTree = "<group>"; };
		822812EC2779DE3700480AD9 /* activationCodeViewController.swift */ = {isa = PBXFileReference; lastKnownFileType = sourcecode.swift; path = activationCodeViewController.swift; sourceTree = "<group>"; };
		822812EF2779F96200480AD9 /* loginNumber.swift */ = {isa = PBXFileReference; lastKnownFileType = sourcecode.swift; path = loginNumber.swift; sourceTree = "<group>"; };
		822EA3432778D7A6006C9620 /* Mina.app */ = {isa = PBXFileReference; explicitFileType = wrapper.application; includeInIndex = 0; path = Mina.app; sourceTree = BUILT_PRODUCTS_DIR; };
		822EA3462778D7A6006C9620 /* AppDelegate.swift */ = {isa = PBXFileReference; lastKnownFileType = sourcecode.swift; path = AppDelegate.swift; sourceTree = "<group>"; };
		822EA3482778D7A6006C9620 /* SceneDelegate.swift */ = {isa = PBXFileReference; lastKnownFileType = sourcecode.swift; path = SceneDelegate.swift; sourceTree = "<group>"; };
		822EA34D2778D7A6006C9620 /* Base */ = {isa = PBXFileReference; lastKnownFileType = file.storyboard; name = Base; path = Base.lproj/Main.storyboard; sourceTree = "<group>"; };
		822EA34F2778D7A8006C9620 /* Assets.xcassets */ = {isa = PBXFileReference; lastKnownFileType = folder.assetcatalog; path = Assets.xcassets; sourceTree = "<group>"; };
		822EA3522778D7A8006C9620 /* Base */ = {isa = PBXFileReference; lastKnownFileType = file.storyboard; name = Base; path = Base.lproj/LaunchScreen.storyboard; sourceTree = "<group>"; };
		822EA3542778D7A8006C9620 /* Info.plist */ = {isa = PBXFileReference; lastKnownFileType = text.plist.xml; path = Info.plist; sourceTree = "<group>"; };
		822EA35E27790BB6006C9620 /* loginViewController.swift */ = {isa = PBXFileReference; lastKnownFileType = sourcecode.swift; path = loginViewController.swift; sourceTree = "<group>"; };
		82326573277B23F1003E0598 /* verifyCode.swift */ = {isa = PBXFileReference; lastKnownFileType = sourcecode.swift; path = verifyCode.swift; sourceTree = "<group>"; };
		82394240277DCDF400E13352 /* LatestProductsUICollectionViewCell.swift */ = {isa = PBXFileReference; lastKnownFileType = sourcecode.swift; path = LatestProductsUICollectionViewCell.swift; sourceTree = "<group>"; };
		82394241277DCDF400E13352 /* LatestProductsUICollectionViewCell.xib */ = {isa = PBXFileReference; lastKnownFileType = file.xib; path = LatestProductsUICollectionViewCell.xib; sourceTree = "<group>"; };
		82394244277DD65100E13352 /* LatestProductsModel.swift */ = {isa = PBXFileReference; lastKnownFileType = sourcecode.swift; path = LatestProductsModel.swift; sourceTree = "<group>"; };
		82722A9B277C69CF00F375FE /* BestOffersHomeCell.swift */ = {isa = PBXFileReference; lastKnownFileType = sourcecode.swift; path = BestOffersHomeCell.swift; sourceTree = "<group>"; };
		82722A9C277C69CF00F375FE /* BestOffersHomeCell.xib */ = {isa = PBXFileReference; lastKnownFileType = file.xib; path = BestOffersHomeCell.xib; sourceTree = "<group>"; };
		82722AA0277C6A9200F375FE /* HomeViewController.swift */ = {isa = PBXFileReference; lastKnownFileType = sourcecode.swift; path = HomeViewController.swift; sourceTree = "<group>"; };
		82722AA2277C6BB100F375FE /* BestOfferHomeModel.swift */ = {isa = PBXFileReference; lastKnownFileType = sourcecode.swift; path = BestOfferHomeModel.swift; sourceTree = "<group>"; };
		82722AA4277C6E9200F375FE /* String+Extention.swift */ = {isa = PBXFileReference; lastKnownFileType = sourcecode.swift; path = "String+Extention.swift"; sourceTree = "<group>"; };
		82722AA7277CA67000F375FE /* ratingsCollectionViewCell.swift */ = {isa = PBXFileReference; lastKnownFileType = sourcecode.swift; path = ratingsCollectionViewCell.swift; sourceTree = "<group>"; };
		82722AA8277CA67000F375FE /* ratingsCollectionViewCell.xib */ = {isa = PBXFileReference; lastKnownFileType = file.xib; path = ratingsCollectionViewCell.xib; sourceTree = "<group>"; };
		82722AAB277CA7FA00F375FE /* ratingHomeModel.swift */ = {isa = PBXFileReference; lastKnownFileType = sourcecode.swift; path = ratingHomeModel.swift; sourceTree = "<group>"; };
		82722AAD277CB2EB00F375FE /* timerBestOfferClass.swift */ = {isa = PBXFileReference; lastKnownFileType = sourcecode.swift; path = timerBestOfferClass.swift; sourceTree = "<group>"; };
		82722AAF277CB37400F375FE /* collectionHome+extention.swift */ = {isa = PBXFileReference; lastKnownFileType = sourcecode.swift; path = "collectionHome+extention.swift"; sourceTree = "<group>"; };
		8E98C325594BE173737A4A0B /* Pods-Mina.release.xcconfig */ = {isa = PBXFileReference; includeInIndex = 1; lastKnownFileType = text.xcconfig; name = "Pods-Mina.release.xcconfig"; path = "Target Support Files/Pods-Mina/Pods-Mina.release.xcconfig"; sourceTree = "<group>"; };
		AE78418BD5624608F59DDD1E /* Pods_Mina.framework */ = {isa = PBXFileReference; explicitFileType = wrapper.framework; includeInIndex = 0; path = Pods_Mina.framework; sourceTree = BUILT_PRODUCTS_DIR; };
		E9316B8A6C46622201367D6A /* Pods-Mina.debug.xcconfig */ = {isa = PBXFileReference; includeInIndex = 1; lastKnownFileType = text.xcconfig; name = "Pods-Mina.debug.xcconfig"; path = "Target Support Files/Pods-Mina/Pods-Mina.debug.xcconfig"; sourceTree = "<group>"; };
/* End PBXFileReference section */

/* Begin PBXFrameworksBuildPhase section */
		822EA3402778D7A6006C9620 /* Frameworks */ = {
			isa = PBXFrameworksBuildPhase;
			buildActionMask = 2147483647;
			files = (
				14A978E3C02816F9D7152268 /* Pods_Mina.framework in Frameworks */,
			);
			runOnlyForDeploymentPostprocessing = 0;
		};
/* End PBXFrameworksBuildPhase section */

/* Begin PBXGroup section */
		4595EED7E4F0B9C4ADC49F41 /* Frameworks */ = {
			isa = PBXGroup;
			children = (
				AE78418BD5624608F59DDD1E /* Pods_Mina.framework */,
			);
			name = Frameworks;
			sourceTree = "<group>";
		};
		822812E82779BD8B00480AD9 /* Extension */ = {
			isa = PBXGroup;
			children = (
				822812E92779BDC000480AD9 /* UIView+Extension.swift */,
				82722AA4277C6E9200F375FE /* String+Extention.swift */,
			);
			path = Extension;
			sourceTree = "<group>";
		};
		822812EB2779DE0C00480AD9 /* ActivationCode */ = {
			isa = PBXGroup;
			children = (
				822812EC2779DE3700480AD9 /* activationCodeViewController.swift */,
			);
			path = ActivationCode;
			sourceTree = "<group>";
		};
		822812EE2779F8E500480AD9 /* Networking */ = {
			isa = PBXGroup;
			children = (
			);
			path = Networking;
			sourceTree = "<group>";
		};
		822EA33A2778D7A6006C9620 = {
			isa = PBXGroup;
			children = (
				822EA3452778D7A6006C9620 /* Mina */,
				822EA3442778D7A6006C9620 /* Products */,
				F579745F3CA639D348113FB9 /* Pods */,
				4595EED7E4F0B9C4ADC49F41 /* Frameworks */,
			);
			sourceTree = "<group>";
		};
		822EA3442778D7A6006C9620 /* Products */ = {
			isa = PBXGroup;
			children = (
				822EA3432778D7A6006C9620 /* Mina.app */,
			);
			name = Products;
			sourceTree = "<group>";
		};
		822EA3452778D7A6006C9620 /* Mina */ = {
			isa = PBXGroup;
			children = (
				822EA3462778D7A6006C9620 /* AppDelegate.swift */,
				822EA3482778D7A6006C9620 /* SceneDelegate.swift */,
				822812E82779BD8B00480AD9 /* Extension */,
				822812EE2779F8E500480AD9 /* Networking */,
				822EA35C27790B71006C9620 /* Controller */,
				822EA35B27790B62006C9620 /* Views */,
				822EA35A27790B32006C9620 /* Model */,
				822EA34C2778D7A6006C9620 /* Main.storyboard */,
				822EA3512778D7A8006C9620 /* LaunchScreen.storyboard */,
				822EA34F2778D7A8006C9620 /* Assets.xcassets */,
				822EA3542778D7A8006C9620 /* Info.plist */,
			);
			path = Mina;
			sourceTree = "<group>";
		};
		822EA35A27790B32006C9620 /* Model */ = {
			isa = PBXGroup;
			children = (
				822812EF2779F96200480AD9 /* loginNumber.swift */,
				82326573277B23F1003E0598 /* verifyCode.swift */,
				82722AA2277C6BB100F375FE /* BestOfferHomeModel.swift */,
				82722AAB277CA7FA00F375FE /* ratingHomeModel.swift */,
				82394244277DD65100E13352 /* LatestProductsModel.swift */,
			);
			path = Model;
			sourceTree = "<group>";
		};
		822EA35B27790B62006C9620 /* Views */ = {
			isa = PBXGroup;
			children = (
				82722A98277C689E00F375FE /* custemViews */,
			);
			path = Views;
			sourceTree = "<group>";
		};
		822EA35C27790B71006C9620 /* Controller */ = {
			isa = PBXGroup;
			children = (
				822EA35D27790B8A006C9620 /* Login */,
				822812EB2779DE0C00480AD9 /* ActivationCode */,
				82722A9F277C6A6A00F375FE /* HomeView */,
			);
			path = Controller;
			sourceTree = "<group>";
		};
		822EA35D27790B8A006C9620 /* Login */ = {
			isa = PBXGroup;
			children = (
				822EA35E27790BB6006C9620 /* loginViewController.swift */,
			);
			path = Login;
			sourceTree = "<group>";
		};
		8239423F277DCD8D00E13352 /* LatestProducts  */ = {
			isa = PBXGroup;
			children = (
				82394240277DCDF400E13352 /* LatestProductsUICollectionViewCell.swift */,
				82394241277DCDF400E13352 /* LatestProductsUICollectionViewCell.xib */,
			);
			path = "LatestProducts ";
			sourceTree = "<group>";
		};
		82722A98277C689E00F375FE /* custemViews */ = {
			isa = PBXGroup;
			children = (
				82722A99277C68B200F375FE /* collectionViewCells */,
			);
			path = custemViews;
			sourceTree = "<group>";
		};
		82722A99277C68B200F375FE /* collectionViewCells */ = {
			isa = PBXGroup;
			children = (
				8239423F277DCD8D00E13352 /* LatestProducts  */,
				82722AA6277CA64300F375FE /* ratingsCollectionViewCell */,
				82722A9A277C68F900F375FE /* BestOffersHomeCell */,
			);
			path = collectionViewCells;
			sourceTree = "<group>";
		};
		82722A9A277C68F900F375FE /* BestOffersHomeCell */ = {
			isa = PBXGroup;
			children = (
				82722A9B277C69CF00F375FE /* BestOffersHomeCell.swift */,
				82722A9C277C69CF00F375FE /* BestOffersHomeCell.xib */,
			);
			path = BestOffersHomeCell;
			sourceTree = "<group>";
		};
		82722A9F277C6A6A00F375FE /* HomeView */ = {
			isa = PBXGroup;
			children = (
				82722AA0277C6A9200F375FE /* HomeViewController.swift */,
				82722AAD277CB2EB00F375FE /* timerBestOfferClass.swift */,
				82722AAF277CB37400F375FE /* collectionHome+extention.swift */,
				8227FCAD277FAE290092E646 /* sideMinuViewController.swift */,
				8227FCAF278085390092E646 /* dropDownViewController.swift */,
			);
			path = HomeView;
			sourceTree = "<group>";
		};
		82722AA6277CA64300F375FE /* ratingsCollectionViewCell */ = {
			isa = PBXGroup;
			children = (
				82722AA7277CA67000F375FE /* ratingsCollectionViewCell.swift */,
				82722AA8277CA67000F375FE /* ratingsCollectionViewCell.xib */,
			);
			path = ratingsCollectionViewCell;
			sourceTree = "<group>";
		};
		F579745F3CA639D348113FB9 /* Pods */ = {
			isa = PBXGroup;
			children = (
				E9316B8A6C46622201367D6A /* Pods-Mina.debug.xcconfig */,
				8E98C325594BE173737A4A0B /* Pods-Mina.release.xcconfig */,
			);
			path = Pods;
			sourceTree = "<group>";
		};
/* End PBXGroup section */

/* Begin PBXNativeTarget section */
		822EA3422778D7A6006C9620 /* Mina */ = {
			isa = PBXNativeTarget;
			buildConfigurationList = 822EA3572778D7A8006C9620 /* Build configuration list for PBXNativeTarget "Mina" */;
			buildPhases = (
				432869F9DDDCD5E2A75E7F59 /* [CP] Check Pods Manifest.lock */,
				822EA33F2778D7A6006C9620 /* Sources */,
				822EA3402778D7A6006C9620 /* Frameworks */,
				822EA3412778D7A6006C9620 /* Resources */,
				3EE9D9E89CE4C930D7C02219 /* [CP] Embed Pods Frameworks */,
			);
			buildRules = (
			);
			dependencies = (
			);
			name = Mina;
			productName = Mina;
			productReference = 822EA3432778D7A6006C9620 /* Mina.app */;
			productType = "com.apple.product-type.application";
		};
/* End PBXNativeTarget section */

/* Begin PBXProject section */
		822EA33B2778D7A6006C9620 /* Project object */ = {
			isa = PBXProject;
			attributes = {
				BuildIndependentTargetsInParallel = 1;
				LastSwiftUpdateCheck = 1320;
				LastUpgradeCheck = 1320;
				TargetAttributes = {
					822EA3422778D7A6006C9620 = {
						CreatedOnToolsVersion = 13.2.1;
					};
				};
			};
			buildConfigurationList = 822EA33E2778D7A6006C9620 /* Build configuration list for PBXProject "Mina" */;
			compatibilityVersion = "Xcode 13.0";
			developmentRegion = en;
			hasScannedForEncodings = 0;
			knownRegions = (
				en,
				Base,
			);
			mainGroup = 822EA33A2778D7A6006C9620;
			productRefGroup = 822EA3442778D7A6006C9620 /* Products */;
			projectDirPath = "";
			projectRoot = "";
			targets = (
				822EA3422778D7A6006C9620 /* Mina */,
			);
		};
/* End PBXProject section */

/* Begin PBXResourcesBuildPhase section */
		822EA3412778D7A6006C9620 /* Resources */ = {
			isa = PBXResourcesBuildPhase;
			buildActionMask = 2147483647;
			files = (
				822EA3532778D7A8006C9620 /* LaunchScreen.storyboard in Resources */,
				822EA3502778D7A8006C9620 /* Assets.xcassets in Resources */,
				822EA34E2778D7A6006C9620 /* Main.storyboard in Resources */,
				82722AAA277CA67000F375FE /* ratingsCollectionViewCell.xib in Resources */,
				82722A9E277C69CF00F375FE /* BestOffersHomeCell.xib in Resources */,
				82394243277DCDF400E13352 /* LatestProductsUICollectionViewCell.xib in Resources */,
			);
			runOnlyForDeploymentPostprocessing = 0;
		};
/* End PBXResourcesBuildPhase section */

/* Begin PBXShellScriptBuildPhase section */
		3EE9D9E89CE4C930D7C02219 /* [CP] Embed Pods Frameworks */ = {
			isa = PBXShellScriptBuildPhase;
			buildActionMask = 2147483647;
			files = (
			);
			inputFileListPaths = (
				"${PODS_ROOT}/Target Support Files/Pods-Mina/Pods-Mina-frameworks-${CONFIGURATION}-input-files.xcfilelist",
			);
			name = "[CP] Embed Pods Frameworks";
			outputFileListPaths = (
				"${PODS_ROOT}/Target Support Files/Pods-Mina/Pods-Mina-frameworks-${CONFIGURATION}-output-files.xcfilelist",
			);
			runOnlyForDeploymentPostprocessing = 0;
			shellPath = /bin/sh;
			shellScript = "\"${PODS_ROOT}/Target Support Files/Pods-Mina/Pods-Mina-frameworks.sh\"\n";
			showEnvVarsInLog = 0;
		};
		432869F9DDDCD5E2A75E7F59 /* [CP] Check Pods Manifest.lock */ = {
			isa = PBXShellScriptBuildPhase;
			buildActionMask = 2147483647;
			files = (
			);
			inputFileListPaths = (
			);
			inputPaths = (
				"${PODS_PODFILE_DIR_PATH}/Podfile.lock",
				"${PODS_ROOT}/Manifest.lock",
			);
			name = "[CP] Check Pods Manifest.lock";
			outputFileListPaths = (
			);
			outputPaths = (
				"$(DERIVED_FILE_DIR)/Pods-Mina-checkManifestLockResult.txt",
			);
			runOnlyForDeploymentPostprocessing = 0;
			shellPath = /bin/sh;
			shellScript = "diff \"${PODS_PODFILE_DIR_PATH}/Podfile.lock\" \"${PODS_ROOT}/Manifest.lock\" > /dev/null\nif [ $? != 0 ] ; then\n    # print error to STDERR\n    echo \"error: The sandbox is not in sync with the Podfile.lock. Run 'pod install' or update your CocoaPods installation.\" >&2\n    exit 1\nfi\n# This output is used by Xcode 'outputs' to avoid re-running this script phase.\necho \"SUCCESS\" > \"${SCRIPT_OUTPUT_FILE_0}\"\n";
			showEnvVarsInLog = 0;
		};
/* End PBXShellScriptBuildPhase section */

/* Begin PBXSourcesBuildPhase section */
		822EA33F2778D7A6006C9620 /* Sources */ = {
			isa = PBXSourcesBuildPhase;
			buildActionMask = 2147483647;
			files = (
				82326574277B23F1003E0598 /* verifyCode.swift in Sources */,
				82722AA5277C6E9200F375FE /* String+Extention.swift in Sources */,
				822EA3472778D7A6006C9620 /* AppDelegate.swift in Sources */,
				822EA3492778D7A6006C9620 /* SceneDelegate.swift in Sources */,
				82722AAC277CA7FA00F375FE /* ratingHomeModel.swift in Sources */,
				8227FCB0278085390092E646 /* dropDownViewController.swift in Sources */,
				82722AAE277CB2EB00F375FE /* timerBestOfferClass.swift in Sources */,
				822812F02779F96200480AD9 /* loginNumber.swift in Sources */,
				82722AB0277CB37400F375FE /* collectionHome+extention.swift in Sources */,
				82722AA9277CA67000F375FE /* ratingsCollectionViewCell.swift in Sources */,
				82394242277DCDF400E13352 /* LatestProductsUICollectionViewCell.swift in Sources */,
				822812ED2779DE3700480AD9 /* activationCodeViewController.swift in Sources */,
				82722AA1277C6A9200F375FE /* HomeViewController.swift in Sources */,
				8227FCAE277FAE290092E646 /* sideMinuViewController.swift in Sources */,
				822812EA2779BDC000480AD9 /* UIView+Extension.swift in Sources */,
				82722AA3277C6BB100F375FE /* BestOfferHomeModel.swift in Sources */,
				82394245277DD65100E13352 /* LatestProductsModel.swift in Sources */,
				822EA35F27790BB6006C9620 /* loginViewController.swift in Sources */,
				82722A9D277C69CF00F375FE /* BestOffersHomeCell.swift in Sources */,
			);
			runOnlyForDeploymentPostprocessing = 0;
		};
/* End PBXSourcesBuildPhase section */

/* Begin PBXVariantGroup section */
		822EA34C2778D7A6006C9620 /* Main.storyboard */ = {
			isa = PBXVariantGroup;
			children = (
				822EA34D2778D7A6006C9620 /* Base */,
			);
			name = Main.storyboard;
			sourceTree = "<group>";
		};
		822EA3512778D7A8006C9620 /* LaunchScreen.storyboard */ = {
			isa = PBXVariantGroup;
			children = (
				822EA3522778D7A8006C9620 /* Base */,
			);
			name = LaunchScreen.storyboard;
			sourceTree = "<group>";
		};
/* End PBXVariantGroup section */

/* Begin XCBuildConfiguration section */
		822EA3552778D7A8006C9620 /* Debug */ = {
			isa = XCBuildConfiguration;
			buildSettings = {
				ALWAYS_SEARCH_USER_PATHS = NO;
				CLANG_ANALYZER_NONNULL = YES;
				CLANG_ANALYZER_NUMBER_OBJECT_CONVERSION = YES_AGGRESSIVE;
				CLANG_CXX_LANGUAGE_STANDARD = "gnu++17";
				CLANG_CXX_LIBRARY = "libc++";
				CLANG_ENABLE_MODULES = YES;
				CLANG_ENABLE_OBJC_ARC = YES;
				CLANG_ENABLE_OBJC_WEAK = YES;
				CLANG_WARN_BLOCK_CAPTURE_AUTORELEASING = YES;
				CLANG_WARN_BOOL_CONVERSION = YES;
				CLANG_WARN_COMMA = YES;
				CLANG_WARN_CONSTANT_CONVERSION = YES;
				CLANG_WARN_DEPRECATED_OBJC_IMPLEMENTATIONS = YES;
				CLANG_WARN_DIRECT_OBJC_ISA_USAGE = YES_ERROR;
				CLANG_WARN_DOCUMENTATION_COMMENTS = YES;
				CLANG_WARN_EMPTY_BODY = YES;
				CLANG_WARN_ENUM_CONVERSION = YES;
				CLANG_WARN_INFINITE_RECURSION = YES;
				CLANG_WARN_INT_CONVERSION = YES;
				CLANG_WARN_NON_LITERAL_NULL_CONVERSION = YES;
				CLANG_WARN_OBJC_IMPLICIT_RETAIN_SELF = YES;
				CLANG_WARN_OBJC_LITERAL_CONVERSION = YES;
				CLANG_WARN_OBJC_ROOT_CLASS = YES_ERROR;
				CLANG_WARN_QUOTED_INCLUDE_IN_FRAMEWORK_HEADER = YES;
				CLANG_WARN_RANGE_LOOP_ANALYSIS = YES;
				CLANG_WARN_STRICT_PROTOTYPES = YES;
				CLANG_WARN_SUSPICIOUS_MOVE = YES;
				CLANG_WARN_UNGUARDED_AVAILABILITY = YES_AGGRESSIVE;
				CLANG_WARN_UNREACHABLE_CODE = YES;
				CLANG_WARN__DUPLICATE_METHOD_MATCH = YES;
				COPY_PHASE_STRIP = NO;
				DEBUG_INFORMATION_FORMAT = dwarf;
				ENABLE_STRICT_OBJC_MSGSEND = YES;
				ENABLE_TESTABILITY = YES;
				GCC_C_LANGUAGE_STANDARD = gnu11;
				GCC_DYNAMIC_NO_PIC = NO;
				GCC_NO_COMMON_BLOCKS = YES;
				GCC_OPTIMIZATION_LEVEL = 0;
				GCC_PREPROCESSOR_DEFINITIONS = (
					"DEBUG=1",
					"$(inherited)",
				);
				GCC_WARN_64_TO_32_BIT_CONVERSION = YES;
				GCC_WARN_ABOUT_RETURN_TYPE = YES_ERROR;
				GCC_WARN_UNDECLARED_SELECTOR = YES;
				GCC_WARN_UNINITIALIZED_AUTOS = YES_AGGRESSIVE;
				GCC_WARN_UNUSED_FUNCTION = YES;
				GCC_WARN_UNUSED_VARIABLE = YES;
				IPHONEOS_DEPLOYMENT_TARGET = 15.2;
				MTL_ENABLE_DEBUG_INFO = INCLUDE_SOURCE;
				MTL_FAST_MATH = YES;
				ONLY_ACTIVE_ARCH = YES;
				SDKROOT = iphoneos;
				SWIFT_ACTIVE_COMPILATION_CONDITIONS = DEBUG;
				SWIFT_OPTIMIZATION_LEVEL = "-Onone";
			};
			name = Debug;
		};
		822EA3562778D7A8006C9620 /* Release */ = {
			isa = XCBuildConfiguration;
			buildSettings = {
				ALWAYS_SEARCH_USER_PATHS = NO;
				CLANG_ANALYZER_NONNULL = YES;
				CLANG_ANALYZER_NUMBER_OBJECT_CONVERSION = YES_AGGRESSIVE;
				CLANG_CXX_LANGUAGE_STANDARD = "gnu++17";
				CLANG_CXX_LIBRARY = "libc++";
				CLANG_ENABLE_MODULES = YES;
				CLANG_ENABLE_OBJC_ARC = YES;
				CLANG_ENABLE_OBJC_WEAK = YES;
				CLANG_WARN_BLOCK_CAPTURE_AUTORELEASING = YES;
				CLANG_WARN_BOOL_CONVERSION = YES;
				CLANG_WARN_COMMA = YES;
				CLANG_WARN_CONSTANT_CONVERSION = YES;
				CLANG_WARN_DEPRECATED_OBJC_IMPLEMENTATIONS = YES;
				CLANG_WARN_DIRECT_OBJC_ISA_USAGE = YES_ERROR;
				CLANG_WARN_DOCUMENTATION_COMMENTS = YES;
				CLANG_WARN_EMPTY_BODY = YES;
				CLANG_WARN_ENUM_CONVERSION = YES;
				CLANG_WARN_INFINITE_RECURSION = YES;
				CLANG_WARN_INT_CONVERSION = YES;
				CLANG_WARN_NON_LITERAL_NULL_CONVERSION = YES;
				CLANG_WARN_OBJC_IMPLICIT_RETAIN_SELF = YES;
				CLANG_WARN_OBJC_LITERAL_CONVERSION = YES;
				CLANG_WARN_OBJC_ROOT_CLASS = YES_ERROR;
				CLANG_WARN_QUOTED_INCLUDE_IN_FRAMEWORK_HEADER = YES;
				CLANG_WARN_RANGE_LOOP_ANALYSIS = YES;
				CLANG_WARN_STRICT_PROTOTYPES = YES;
				CLANG_WARN_SUSPICIOUS_MOVE = YES;
				CLANG_WARN_UNGUARDED_AVAILABILITY = YES_AGGRESSIVE;
				CLANG_WARN_UNREACHABLE_CODE = YES;
				CLANG_WARN__DUPLICATE_METHOD_MATCH = YES;
				COPY_PHASE_STRIP = NO;
				DEBUG_INFORMATION_FORMAT = "dwarf-with-dsym";
				ENABLE_NS_ASSERTIONS = NO;
				ENABLE_STRICT_OBJC_MSGSEND = YES;
				GCC_C_LANGUAGE_STANDARD = gnu11;
				GCC_NO_COMMON_BLOCKS = YES;
				GCC_WARN_64_TO_32_BIT_CONVERSION = YES;
				GCC_WARN_ABOUT_RETURN_TYPE = YES_ERROR;
				GCC_WARN_UNDECLARED_SELECTOR = YES;
				GCC_WARN_UNINITIALIZED_AUTOS = YES_AGGRESSIVE;
				GCC_WARN_UNUSED_FUNCTION = YES;
				GCC_WARN_UNUSED_VARIABLE = YES;
				IPHONEOS_DEPLOYMENT_TARGET = 15.2;
				MTL_ENABLE_DEBUG_INFO = NO;
				MTL_FAST_MATH = YES;
				SDKROOT = iphoneos;
				SWIFT_COMPILATION_MODE = wholemodule;
				SWIFT_OPTIMIZATION_LEVEL = "-O";
				VALIDATE_PRODUCT = YES;
			};
			name = Release;
		};
		822EA3582778D7A8006C9620 /* Debug */ = {
			isa = XCBuildConfiguration;
			baseConfigurationReference = E9316B8A6C46622201367D6A /* Pods-Mina.debug.xcconfig */;
			buildSettings = {
				ASSETCATALOG_COMPILER_APPICON_NAME = AppIcon;
				ASSETCATALOG_COMPILER_GLOBAL_ACCENT_COLOR_NAME = AccentColor;
				CODE_SIGN_STYLE = Automatic;
				CURRENT_PROJECT_VERSION = 1;
				DEVELOPMENT_TEAM = QY6RUH75LS;
				GENERATE_INFOPLIST_FILE = YES;
				INFOPLIST_FILE = Mina/Info.plist;
				INFOPLIST_KEY_UIApplicationSupportsIndirectInputEvents = YES;
				INFOPLIST_KEY_UILaunchStoryboardName = LaunchScreen;
				INFOPLIST_KEY_UIMainStoryboardFile = Main;
				INFOPLIST_KEY_UISupportedInterfaceOrientations_iPad = "UIInterfaceOrientationPortrait UIInterfaceOrientationPortraitUpsideDown UIInterfaceOrientationLandscapeLeft UIInterfaceOrientationLandscapeRight";
				INFOPLIST_KEY_UISupportedInterfaceOrientations_iPhone = "UIInterfaceOrientationPortrait UIInterfaceOrientationLandscapeLeft UIInterfaceOrientationLandscapeRight";
				LD_RUNPATH_SEARCH_PATHS = (
					"$(inherited)",
					"@executable_path/Frameworks",
				);
				MARKETING_VERSION = 1.0;
				PRODUCT_BUNDLE_IDENTIFIER = whiteArrow.Mina;
				PRODUCT_NAME = "$(TARGET_NAME)";
				SWIFT_EMIT_LOC_STRINGS = YES;
				SWIFT_VERSION = 5.0;
				TARGETED_DEVICE_FAMILY = "1,2";
			};
			name = Debug;
		};
		822EA3592778D7A8006C9620 /* Release */ = {
			isa = XCBuildConfiguration;
			baseConfigurationReference = 8E98C325594BE173737A4A0B /* Pods-Mina.release.xcconfig */;
			buildSettings = {
				ASSETCATALOG_COMPILER_APPICON_NAME = AppIcon;
				ASSETCATALOG_COMPILER_GLOBAL_ACCENT_COLOR_NAME = AccentColor;
				CODE_SIGN_STYLE = Automatic;
				CURRENT_PROJECT_VERSION = 1;
				DEVELOPMENT_TEAM = QY6RUH75LS;
				GENERATE_INFOPLIST_FILE = YES;
				INFOPLIST_FILE = Mina/Info.plist;
				INFOPLIST_KEY_UIApplicationSupportsIndirectInputEvents = YES;
				INFOPLIST_KEY_UILaunchStoryboardName = LaunchScreen;
				INFOPLIST_KEY_UIMainStoryboardFile = Main;
				INFOPLIST_KEY_UISupportedInterfaceOrientations_iPad = "UIInterfaceOrientationPortrait UIInterfaceOrientationPortraitUpsideDown UIInterfaceOrientationLandscapeLeft UIInterfaceOrientationLandscapeRight";
				INFOPLIST_KEY_UISupportedInterfaceOrientations_iPhone = "UIInterfaceOrientationPortrait UIInterfaceOrientationLandscapeLeft UIInterfaceOrientationLandscapeRight";
				LD_RUNPATH_SEARCH_PATHS = (
					"$(inherited)",
					"@executable_path/Frameworks",
				);
				MARKETING_VERSION = 1.0;
				PRODUCT_BUNDLE_IDENTIFIER = whiteArrow.Mina;
				PRODUCT_NAME = "$(TARGET_NAME)";
				SWIFT_EMIT_LOC_STRINGS = YES;
				SWIFT_VERSION = 5.0;
				TARGETED_DEVICE_FAMILY = "1,2";
			};
			name = Release;
		};
/* End XCBuildConfiguration section */

/* Begin XCConfigurationList section */
		822EA33E2778D7A6006C9620 /* Build configuration list for PBXProject "Mina" */ = {
			isa = XCConfigurationList;
			buildConfigurations = (
				822EA3552778D7A8006C9620 /* Debug */,
				822EA3562778D7A8006C9620 /* Release */,
			);
			defaultConfigurationIsVisible = 0;
			defaultConfigurationName = Release;
		};
		822EA3572778D7A8006C9620 /* Build configuration list for PBXNativeTarget "Mina" */ = {
			isa = XCConfigurationList;
			buildConfigurations = (
				822EA3582778D7A8006C9620 /* Debug */,
				822EA3592778D7A8006C9620 /* Release */,
			);
			defaultConfigurationIsVisible = 0;
			defaultConfigurationName = Release;
		};
/* End XCConfigurationList section */
	};
	rootObject = 822EA33B2778D7A6006C9620 /* Project object */;
}
